{
  "name": "forkoff-gameserver",
  "version": "1.0.0",
  "lockfileVersion": 1,
  "requires": true,
  "dependencies": {
    "forkoff-shared": {
      "version": "file:../forkoff-shared",
      "requires": {
        "aws-sdk": "^2.839.0",
        "biguint-format": "^1.0.2",
        "date-fns": "^2.16.1",
        "flake-idgen": "^1.4.0",
        "flakeid": "^1.0.0",
        "moment": "^2.29.1",
        "moment-timezone": "^0.5.32",
        "multer": "^1.4.2",
        "multer-s3": "^2.9.0",
        "mysql": "^2.18.1",
        "mysql2": "^2.2.5",
        "nanoid": "^3.1.20",
        "postgres": "^1.0.2",
        "uuid": "^8.3.2"
      },
      "dependencies": {
        "@babel/runtime": {
          "version": "7.12.13",
          "bundled": true,
          "requires": {
            "regenerator-runtime": "^0.13.4"
          }
        },
        "append-field": {
          "version": "1.0.0",
          "bundled": true
        },
        "aws-sdk": {
          "version": "2.843.0",
          "bundled": true,
          "requires": {
            "buffer": "4.9.2",
            "events": "1.1.1",
            "ieee754": "1.1.13",
            "jmespath": "0.15.0",
            "querystring": "0.2.0",
            "sax": "1.2.1",
            "url": "0.10.3",
            "uuid": "3.3.2",
            "xml2js": "0.4.19"
          },
          "dependencies": {
            "uuid": {
              "version": "3.3.2",
              "resolved": "https://registry.npmjs.org/uuid/-/uuid-3.3.2.tgz",
              "integrity": "sha512-yXJmeNaw3DnnKAOKJE51sL/ZaYfWJRl1pK9dr19YFCu0ObS231AB1/LbqTKRAQ5kw8A90rA6fr4riOUpTZvQZA=="
            }
          }
        },
        "base64-js": {
          "version": "1.5.1",
          "bundled": true
        },
        "bignumber.js": {
          "version": "9.0.0",
          "bundled": true
        },
        "biguint-format": {
          "version": "1.0.2",
          "bundled": true
        },
        "buffer": {
          "version": "4.9.2",
          "bundled": true,
          "requires": {
            "base64-js": "^1.0.2",
            "ieee754": "^1.1.4",
            "isarray": "^1.0.0"
          }
        },
        "buffer-from": {
          "version": "1.1.1",
          "bundled": true
        },
        "busboy": {
          "version": "0.2.14",
          "bundled": true,
          "requires": {
            "dicer": "0.2.5",
            "readable-stream": "1.1.x"
          },
          "dependencies": {
            "isarray": {
              "version": "0.0.1",
              "resolved": "https://registry.npmjs.org/isarray/-/isarray-0.0.1.tgz",
              "integrity": "sha1-ihis/Kmo9Bd+Cav8YDiTmwXR7t8="
            },
            "readable-stream": {
              "version": "1.1.14",
              "resolved": "https://registry.npmjs.org/readable-stream/-/readable-stream-1.1.14.tgz",
              "integrity": "sha1-fPTFTvZI44EwhMY23SB54WbAgdk=",
              "requires": {
                "core-util-is": "~1.0.0",
                "inherits": "~2.0.1",
                "isarray": "0.0.1",
                "string_decoder": "~0.10.x"
              }
            },
            "string_decoder": {
              "version": "0.10.31",
              "resolved": "https://registry.npmjs.org/string_decoder/-/string_decoder-0.10.31.tgz",
              "integrity": "sha1-YuIDvEF2bGwoyfyEMB2rHFMQ+pQ="
            }
          }
        },
        "concat-stream": {
          "version": "1.6.2",
          "bundled": true,
          "requires": {
            "buffer-from": "^1.0.0",
            "inherits": "^2.0.3",
            "readable-stream": "^2.2.2",
            "typedarray": "^0.0.6"
          }
        },
        "core-util-is": {
          "version": "1.0.2",
          "bundled": true
        },
        "date-fns": {
          "version": "2.16.1",
          "bundled": true
        },
        "denque": {
          "version": "1.5.0",
          "bundled": true
        },
        "dicer": {
          "version": "0.2.5",
          "bundled": true,
          "requires": {
            "readable-stream": "1.1.x",
            "streamsearch": "0.1.2"
          },
          "dependencies": {
            "isarray": {
              "version": "0.0.1",
              "resolved": "https://registry.npmjs.org/isarray/-/isarray-0.0.1.tgz",
              "integrity": "sha1-ihis/Kmo9Bd+Cav8YDiTmwXR7t8="
            },
            "readable-stream": {
              "version": "1.1.14",
              "resolved": "https://registry.npmjs.org/readable-stream/-/readable-stream-1.1.14.tgz",
              "integrity": "sha1-fPTFTvZI44EwhMY23SB54WbAgdk=",
              "requires": {
                "core-util-is": "~1.0.0",
                "inherits": "~2.0.1",
                "isarray": "0.0.1",
                "string_decoder": "~0.10.x"
              }
            },
            "string_decoder": {
              "version": "0.10.31",
              "resolved": "https://registry.npmjs.org/string_decoder/-/string_decoder-0.10.31.tgz",
              "integrity": "sha1-YuIDvEF2bGwoyfyEMB2rHFMQ+pQ="
            }
          }
        },
        "ee-first": {
          "version": "1.1.1",
          "bundled": true
        },
        "events": {
          "version": "1.1.1",
          "bundled": true
        },
        "file-type": {
          "version": "3.9.0",
          "bundled": true
        },
        "flake-idgen": {
          "version": "1.4.0",
          "bundled": true
        },
        "flakeid": {
          "version": "1.0.0",
          "bundled": true,
          "requires": {
            "@babel/runtime": "^7.4.4"
          }
        },
        "generate-function": {
          "version": "2.3.1",
          "bundled": true,
          "requires": {
            "is-property": "^1.0.2"
          }
        },
        "html-comment-regex": {
          "version": "1.1.2",
          "bundled": true
        },
        "iconv-lite": {
          "version": "0.6.2",
          "bundled": true,
          "requires": {
            "safer-buffer": ">= 2.1.2 < 3.0.0"
          }
        },
        "ieee754": {
          "version": "1.1.13",
          "bundled": true
        },
        "inherits": {
          "version": "2.0.4",
          "bundled": true
        },
        "is-property": {
          "version": "1.0.2",
          "bundled": true
        },
        "is-svg": {
          "version": "2.1.0",
          "bundled": true,
          "requires": {
            "html-comment-regex": "^1.1.0"
          }
        },
        "isarray": {
          "version": "1.0.0",
          "bundled": true
        },
        "jmespath": {
          "version": "0.15.0",
          "bundled": true
        },
        "long": {
          "version": "4.0.0",
          "bundled": true
        },
        "lru-cache": {
          "version": "6.0.0",
          "bundled": true,
          "requires": {
            "yallist": "^4.0.0"
          }
        },
        "media-typer": {
          "version": "0.3.0",
          "bundled": true
        },
        "mime-db": {
          "version": "1.45.0",
          "bundled": true
        },
        "mime-types": {
          "version": "2.1.28",
          "bundled": true,
          "requires": {
            "mime-db": "1.45.0"
          }
        },
        "minimist": {
          "version": "1.2.5",
          "bundled": true
        },
        "mkdirp": {
          "version": "0.5.5",
          "bundled": true,
          "requires": {
            "minimist": "^1.2.5"
          }
        },
        "moment": {
          "version": "2.29.1",
          "bundled": true
        },
        "moment-timezone": {
          "version": "0.5.32",
          "bundled": true,
          "requires": {
            "moment": ">= 2.9.0"
          }
        },
        "multer": {
          "version": "1.4.2",
          "bundled": true,
          "requires": {
            "append-field": "^1.0.0",
            "busboy": "^0.2.11",
            "concat-stream": "^1.5.2",
            "mkdirp": "^0.5.1",
            "object-assign": "^4.1.1",
            "on-finished": "^2.3.0",
            "type-is": "^1.6.4",
            "xtend": "^4.0.0"
          }
        },
        "multer-s3": {
          "version": "2.9.0",
          "bundled": true,
          "requires": {
            "file-type": "^3.3.0",
            "is-svg": "^2.1.0",
            "run-parallel": "^1.1.6"
          }
        },
        "mysql": {
          "version": "2.18.1",
          "bundled": true,
          "requires": {
            "bignumber.js": "9.0.0",
            "readable-stream": "2.3.7",
            "safe-buffer": "5.1.2",
            "sqlstring": "2.3.1"
          }
        },
        "mysql2": {
          "version": "2.2.5",
          "bundled": true,
          "requires": {
            "denque": "^1.4.1",
            "generate-function": "^2.3.1",
            "iconv-lite": "^0.6.2",
            "long": "^4.0.0",
            "lru-cache": "^6.0.0",
            "named-placeholders": "^1.1.2",
            "seq-queue": "^0.0.5",
            "sqlstring": "^2.3.2"
          },
          "dependencies": {
            "sqlstring": {
              "version": "2.3.2",
              "resolved": "https://registry.npmjs.org/sqlstring/-/sqlstring-2.3.2.tgz",
              "integrity": "sha512-vF4ZbYdKS8OnoJAWBmMxCQDkiEBkGQYU7UZPtL8flbDRSNkhaXvRJ279ZtI6M+zDaQovVU4tuRgzK5fVhvFAhg=="
            }
          }
        },
        "named-placeholders": {
          "version": "1.1.2",
          "bundled": true,
          "requires": {
            "lru-cache": "^4.1.3"
          },
          "dependencies": {
            "lru-cache": {
              "version": "4.1.5",
              "resolved": "https://registry.npmjs.org/lru-cache/-/lru-cache-4.1.5.tgz",
              "integrity": "sha512-sWZlbEP2OsHNkXrMl5GYk/jKk70MBng6UU4YI/qGDYbgf6YbP4EvmqISbXCoJiRKs+1bSpFHVgQxvJ17F2li5g==",
              "requires": {
                "pseudomap": "^1.0.2",
                "yallist": "^2.1.2"
              }
            },
            "yallist": {
              "version": "2.1.2",
              "resolved": "https://registry.npmjs.org/yallist/-/yallist-2.1.2.tgz",
              "integrity": "sha1-HBH5IY8HYImkfdUS+TxmmaaoHVI="
            }
          }
        },
        "nanoid": {
          "version": "3.1.20",
          "bundled": true
        },
        "object-assign": {
          "version": "4.1.1",
          "bundled": true
        },
        "on-finished": {
          "version": "2.3.0",
          "bundled": true,
          "requires": {
            "ee-first": "1.1.1"
          }
        },
        "postgres": {
          "version": "1.0.2",
          "bundled": true
        },
        "process-nextick-args": {
          "version": "2.0.1",
          "bundled": true
        },
        "pseudomap": {
          "version": "1.0.2",
          "bundled": true
        },
        "punycode": {
          "version": "1.3.2",
          "bundled": true
        },
        "querystring": {
          "version": "0.2.0",
          "bundled": true
        },
        "queue-microtask": {
          "version": "1.2.2",
          "bundled": true
        },
        "readable-stream": {
          "version": "2.3.7",
          "bundled": true,
          "requires": {
            "core-util-is": "~1.0.0",
            "inherits": "~2.0.3",
            "isarray": "~1.0.0",
            "process-nextick-args": "~2.0.0",
            "safe-buffer": "~5.1.1",
            "string_decoder": "~1.1.1",
            "util-deprecate": "~1.0.1"
          }
        },
        "regenerator-runtime": {
          "version": "0.13.7",
          "bundled": true
        },
        "run-parallel": {
          "version": "1.2.0",
          "bundled": true,
          "requires": {
            "queue-microtask": "^1.2.2"
          }
        },
        "safe-buffer": {
          "version": "5.1.2",
          "bundled": true
        },
        "safer-buffer": {
          "version": "2.1.2",
          "bundled": true
        },
        "sax": {
          "version": "1.2.1",
          "bundled": true
        },
        "seq-queue": {
          "version": "0.0.5",
          "bundled": true
        },
        "sqlstring": {
          "version": "2.3.1",
          "bundled": true
        },
        "streamsearch": {
          "version": "0.1.2",
          "bundled": true
        },
        "string_decoder": {
          "version": "1.1.1",
          "bundled": true,
          "requires": {
            "safe-buffer": "~5.1.0"
          }
        },
        "type-is": {
          "version": "1.6.18",
          "bundled": true,
          "requires": {
            "media-typer": "0.3.0",
            "mime-types": "~2.1.24"
          }
        },
        "typedarray": {
          "version": "0.0.6",
          "bundled": true
        },
        "url": {
          "version": "0.10.3",
          "bundled": true,
          "requires": {
            "punycode": "1.3.2",
            "querystring": "0.2.0"
          }
        },
        "util-deprecate": {
          "version": "1.0.2",
          "bundled": true
        },
        "uuid": {
          "version": "8.3.2",
          "bundled": true
        },
        "xml2js": {
          "version": "0.4.19",
          "bundled": true,
          "requires": {
            "sax": ">=0.6.0",
            "xmlbuilder": "~9.0.1"
          }
        },
        "xmlbuilder": {
          "version": "9.0.7",
          "bundled": true
        },
        "xtend": {
          "version": "4.0.2",
          "bundled": true
        },
        "yallist": {
          "version": "4.0.0",
          "bundled": true
        }
      }
    }
  }
}
